<?xml version="1.0" encoding="utf-8"?>
<Project ToolsVersion="4.0" xmlns="http://schemas.microsoft.com/developer/msbuild/2003">
  <ItemGroup>
    <Filter Include="源文件">
      <UniqueIdentifier>{4FC737F1-C7A5-4376-A066-2A32D752A2FF}</UniqueIdentifier>
      <Extensions>cpp;c;cc;cxx;c++;cppm;ixx;def;odl;idl;hpj;bat;asm;asmx</Extensions>
    </Filter>
    <Filter Include="头文件">
      <UniqueIdentifier>{93995380-89BD-4b04-88EB-625FBE52EBFB}</UniqueIdentifier>
      <Extensions>h;hh;hpp;hxx;h++;hm;inl;inc;ipp;xsd</Extensions>
    </Filter>
    <Filter Include="资源文件">
      <UniqueIdentifier>{67DA6AB6-F800-4c08-8B7A-83BB121AAD01}</UniqueIdentifier>
      <Extensions>rc;ico;cur;bmp;dlg;rc2;rct;bin;rgs;gif;jpg;jpeg;jpe;resx;tiff;tif;png;wav;mfcribbon-ms</Extensions>
    </Filter>
  </ItemGroup>
  <ItemGroup>
    <ClCompile Include="Src\Common\Precompile.cpp">
      <Filter>源文件</Filter>
    </ClCompile>
    <ClCompile Include="Src\Renderer\Camera.cpp">
      <Filter>源文件</Filter>
    </ClCompile>
    <ClCompile Include="Src\Renderer\Letterbox.cpp">
      <Filter>源文件</Filter>
    </ClCompile>
    <ClCompile Include="Src\Renderer\Renderer.cpp">
      <Filter>源文件</Filter>
    </ClCompile>
    <ClCompile Include="Test\UIKit\TestMain.cpp">
      <Filter>源文件</Filter>
    </ClCompile>
    <ClCompile Include="Src\UIKit\BitmapUtils.cpp">
      <Filter>源文件</Filter>
    </ClCompile>
    <ClCompile Include="Src\UIKit\Panel.cpp">
      <Filter>源文件</Filter>
    </ClCompile>
    <ClCompile Include="Src\UIKit\Label.cpp">
      <Filter>源文件</Filter>
    </ClCompile>
    <ClCompile Include="Src\UIKit\ResourceUtils.cpp">
      <Filter>源文件</Filter>
    </ClCompile>
    <ClCompile Include="Src\UIKit\Window.cpp">
      <Filter>源文件</Filter>
    </ClCompile>
    <ClCompile Include="Src\UIKit\Application.cpp">
      <Filter>源文件</Filter>
    </ClCompile>
    <ClCompile Include="Src\UIKit\Cursor.cpp">
      <Filter>源文件</Filter>
    </ClCompile>
    <ClCompile Include="Src\UIKit\ShadowStyle.cpp">
      <Filter>源文件</Filter>
    </ClCompile>
    <ClCompile Include="Src\UIKit\SolidStyle.cpp">
      <Filter>源文件</Filter>
    </ClCompile>
    <ClCompile Include="Src\UIKit\Button.cpp">
      <Filter>源文件</Filter>
    </ClCompile>
    <ClCompile Include="Src\UIKit\OutlinedButton.cpp">
      <Filter>源文件</Filter>
    </ClCompile>
    <ClCompile Include="Src\UIKit\FilledButton.cpp">
      <Filter>源文件</Filter>
    </ClCompile>
    <ClCompile Include="Src\UIKit\ElevatedButton.cpp">
      <Filter>源文件</Filter>
    </ClCompile>
    <ClCompile Include="Src\UIKit\MaskStyle.cpp">
      <Filter>源文件</Filter>
    </ClCompile>
    <ClCompile Include="Src\UIKit\TextBox.cpp">
      <Filter>源文件</Filter>
    </ClCompile>
    <ClCompile Include="Src\UIKit\StrokeStyle.cpp">
      <Filter>源文件</Filter>
    </ClCompile>
    <ClCompile Include="Src\Renderer\Timer.cpp">
      <Filter>源文件</Filter>
    </ClCompile>
    <ClCompile Include="Src\Renderer\MathUtils.cpp">
      <Filter>源文件</Filter>
    </ClCompile>
    <ClCompile Include="Src\Renderer\GraphUtils.cpp">
      <Filter>源文件</Filter>
    </ClCompile>
    <ClCompile Include="Src\Renderer\GpuBuffer.cpp">
      <Filter>源文件</Filter>
    </ClCompile>
    <ClCompile Include="Src\Renderer\StaticSampler.cpp">
      <Filter>源文件</Filter>
    </ClCompile>
    <ClCompile Include="Src\Renderer\FrameResource.cpp">
      <Filter>源文件</Filter>
    </ClCompile>
    <ClCompile Include="Src\Renderer\DebugController.cpp">
      <Filter>源文件</Filter>
    </ClCompile>
    <ClCompile Include="Src\UIKit\AnimTextBox.cpp">
      <Filter>源文件</Filter>
    </ClCompile>
    <ClCompile Include="Src\UIKit\GridLayout.cpp">
      <Filter>源文件</Filter>
    </ClCompile>
    <ClCompile Include="Src\UIKit\ResizablePanel.cpp">
      <Filter>源文件</Filter>
    </ClCompile>
    <ClCompile Include="Src\UIKit\ConstraintLayout.cpp">
      <Filter>源文件</Filter>
    </ClCompile>
    <ClCompile Include="Src\UIKit\ScrollView.cpp">
      <Filter>源文件</Filter>
    </ClCompile>
    <ClCompile Include="Src\UIKit\OnOffSwitch.cpp">
      <Filter>源文件</Filter>
    </ClCompile>
    <ClCompile Include="Src\UIKit\AnimationUtils.cpp">
      <Filter>源文件</Filter>
    </ClCompile>
    <ClCompile Include="Src\UIKit\TabGroup.cpp">
      <Filter>源文件</Filter>
    </ClCompile>
    <ClCompile Include="Src\UIKit\CheckBox.cpp">
      <Filter>源文件</Filter>
    </ClCompile>
    <ClCompile Include="Src\UIKit\FileExplorer.cpp">
      <Filter>源文件</Filter>
    </ClCompile>
    <ClCompile Include="Src\UIKit\ListView.cpp">
      <Filter>源文件</Filter>
    </ClCompile>
    <ClCompile Include="Src\UIKit\TreeView.cpp">
      <Filter>源文件</Filter>
    </ClCompile>
  </ItemGroup>
  <ItemGroup>
    <ClInclude Include="Src\Common\Precompile.h">
      <Filter>头文件</Filter>
    </ClInclude>
    <ClInclude Include="Src\Renderer\ICamera.h">
      <Filter>头文件</Filter>
    </ClInclude>
    <ClInclude Include="Src\Renderer\IDrawLayer.h">
      <Filter>头文件</Filter>
    </ClInclude>
    <ClInclude Include="Src\Renderer\IDrawObject.h">
      <Filter>头文件</Filter>
    </ClInclude>
    <ClInclude Include="Src\Renderer\IDrawObject2D.h">
      <Filter>头文件</Filter>
    </ClInclude>
    <ClInclude Include="Src\Renderer\ISortable.h">
      <Filter>头文件</Filter>
    </ClInclude>
    <ClInclude Include="Src\Renderer\Camera.h">
      <Filter>头文件</Filter>
    </ClInclude>
    <ClInclude Include="Src\Renderer\DebugController.h">
      <Filter>头文件</Filter>
    </ClInclude>
    <ClInclude Include="Src\Renderer\FrameResource.h">
      <Filter>头文件</Filter>
    </ClInclude>
    <ClInclude Include="Src\Renderer\GpuBuffer.h">
      <Filter>头文件</Filter>
    </ClInclude>
    <ClInclude Include="Src\Renderer\GraphUtils.h">
      <Filter>头文件</Filter>
    </ClInclude>
    <ClInclude Include="Src\Renderer\Letterbox.h">
      <Filter>头文件</Filter>
    </ClInclude>
    <ClInclude Include="Src\Renderer\MathUtils.h">
      <Filter>头文件</Filter>
    </ClInclude>
    <ClInclude Include="Src\Renderer\Renderer.h">
      <Filter>头文件</Filter>
    </ClInclude>
    <ClInclude Include="Src\Common\RuntimeError.h">
      <Filter>头文件</Filter>
    </ClInclude>
    <ClInclude Include="Src\Renderer\StaticSampler.h">
      <Filter>头文件</Filter>
    </ClInclude>
    <ClInclude Include="Src\Renderer\Timer.h">
      <Filter>头文件</Filter>
    </ClInclude>
    <ClInclude Include="Misc\DirectX\d3dx12.h">
      <Filter>头文件</Filter>
    </ClInclude>
    <ClInclude Include="Src\UIKit\Application.h">
      <Filter>头文件</Filter>
    </ClInclude>
    <ClInclude Include="Src\UIKit\BitmapUtils.h">
      <Filter>头文件</Filter>
    </ClInclude>
    <ClInclude Include="Src\UIKit\Cursor.h">
      <Filter>头文件</Filter>
    </ClInclude>
    <ClInclude Include="Src\UIKit\Panel.h">
      <Filter>头文件</Filter>
    </ClInclude>
    <ClInclude Include="Src\UIKit\Label.h">
      <Filter>头文件</Filter>
    </ClInclude>
    <ClInclude Include="Src\UIKit\ResourceUtils.h">
      <Filter>头文件</Filter>
    </ClInclude>
    <ClInclude Include="Src\UIKit\Window.h">
      <Filter>头文件</Filter>
    </ClInclude>
    <ClInclude Include="Src\UIKit\ShadowStyle.h">
      <Filter>头文件</Filter>
    </ClInclude>
    <ClInclude Include="Src\UIKit\SolidStyle.h">
      <Filter>头文件</Filter>
    </ClInclude>
    <ClInclude Include="Src\UIKit\Button.h">
      <Filter>头文件</Filter>
    </ClInclude>
    <ClInclude Include="Src\UIKit\OutlinedButton.h">
      <Filter>头文件</Filter>
    </ClInclude>
    <ClInclude Include="Src\UIKit\FilledButton.h">
      <Filter>头文件</Filter>
    </ClInclude>
    <ClInclude Include="Src\UIKit\ElevatedButton.h">
      <Filter>头文件</Filter>
    </ClInclude>
    <ClInclude Include="Src\UIKit\Event.h">
      <Filter>头文件</Filter>
    </ClInclude>
    <ClInclude Include="Src\UIKit\MaskStyle.h">
      <Filter>头文件</Filter>
    </ClInclude>
    <ClInclude Include="Src\UIKit\StrokeStyle.h">
      <Filter>头文件</Filter>
    </ClInclude>
    <ClInclude Include="Src\UIKit\TextBox.h">
      <Filter>头文件</Filter>
    </ClInclude>
    <ClInclude Include="Src\UIKit\AnimTextBox.h">
      <Filter>头文件</Filter>
    </ClInclude>
    <ClInclude Include="Src\UIKit\GridLayout.h">
      <Filter>头文件</Filter>
    </ClInclude>
    <ClInclude Include="Src\UIKit\ResizablePanel.h">
      <Filter>头文件</Filter>
    </ClInclude>
    <ClInclude Include="Src\UIKit\ConstraintLayout.h">
      <Filter>头文件</Filter>
    </ClInclude>
    <ClInclude Include="Src\UIKit\Layout.h">
      <Filter>头文件</Filter>
    </ClInclude>
    <ClInclude Include="Src\UIKit\ScrollView.h">
      <Filter>头文件</Filter>
    </ClInclude>
    <ClInclude Include="Src\UIKit\OnOffSwitch.h">
      <Filter>头文件</Filter>
    </ClInclude>
    <ClInclude Include="Src\UIKit\AnimationUtils.h">
      <Filter>头文件</Filter>
    </ClInclude>
    <ClInclude Include="Src\UIKit\TabGroup.h">
      <Filter>头文件</Filter>
    </ClInclude>
    <ClInclude Include="Src\UIKit\CheckBox.h">
      <Filter>头文件</Filter>
    </ClInclude>
    <ClInclude Include="Src\UIKit\StatefulObject.h">
      <Filter>头文件</Filter>
    </ClInclude>
    <ClInclude Include="Src\UIKit\TextInputObject.h">
      <Filter>头文件</Filter>
    </ClInclude>
    <ClInclude Include="Src\UIKit\FileExplorer.h">
      <Filter>头文件</Filter>
    </ClInclude>
    <ClInclude Include="Src\UIKit\ListView.h">
      <Filter>头文件</Filter>
    </ClInclude>
    <ClInclude Include="Src\UIKit\TreeView.h">
      <Filter>头文件</Filter>
    </ClInclude>
  </ItemGroup>
  <ItemGroup>
    <None Include="Assets\Shaders\Letterbox.hlsl" />
  </ItemGroup>
  <ItemGroup>
    <Manifest Include="Src\Common\DeclareDPIAware.manifest" />
  </ItemGroup>
</Project>