<?xml version="1.0" encoding="utf-8"?>
<Project ToolsVersion="4.0" xmlns="http://schemas.microsoft.com/developer/msbuild/2003">
  <ItemGroup>
    <Filter Include="源文件">
      <UniqueIdentifier>{4FC737F1-C7A5-4376-A066-2A32D752A2FF}</UniqueIdentifier>
      <Extensions>cpp;c;cc;cxx;c++;cppm;ixx;def;odl;idl;hpj;bat;asm;asmx</Extensions>
    </Filter>
    <Filter Include="头文件">
      <UniqueIdentifier>{93995380-89BD-4b04-88EB-625FBE52EBFB}</UniqueIdentifier>
      <Extensions>h;hh;hpp;hxx;h++;hm;inl;inc;ipp;xsd</Extensions>
    </Filter>
    <Filter Include="资源文件">
      <UniqueIdentifier>{67DA6AB6-F800-4c08-8B7A-83BB121AAD01}</UniqueIdentifier>
      <Extensions>rc;ico;cur;bmp;dlg;rc2;rct;bin;rgs;gif;jpg;jpeg;jpe;resx;tiff;tif;png;wav;mfcribbon-ms</Extensions>
    </Filter>
  </ItemGroup>
  <ItemGroup>
    <ClCompile Include="Common\Precompile.cpp">
      <Filter>源文件</Filter>
    </ClCompile>
    <ClCompile Include="Core\Renderer\Camera.cpp">
      <Filter>源文件</Filter>
    </ClCompile>
    <ClCompile Include="Core\Renderer\Letterbox.cpp">
      <Filter>源文件</Filter>
    </ClCompile>
    <ClCompile Include="Core\Renderer\Renderer.cpp">
      <Filter>源文件</Filter>
    </ClCompile>
    <ClCompile Include="Test\TestMain.cpp">
      <Filter>源文件</Filter>
    </ClCompile>
    <ClCompile Include="Core\UI\BitmapUtils.cpp">
      <Filter>源文件</Filter>
    </ClCompile>
    <ClCompile Include="Core\UI\Panel.cpp">
      <Filter>源文件</Filter>
    </ClCompile>
    <ClCompile Include="Core\UI\Label.cpp">
      <Filter>源文件</Filter>
    </ClCompile>
    <ClCompile Include="Core\UI\UIResourceUtils.cpp">
      <Filter>源文件</Filter>
    </ClCompile>
    <ClCompile Include="Core\UI\Window.cpp">
      <Filter>源文件</Filter>
    </ClCompile>
    <ClCompile Include="Core\UI\Application.cpp">
      <Filter>源文件</Filter>
    </ClCompile>
    <ClCompile Include="Core\UI\Cursor.cpp">
      <Filter>源文件</Filter>
    </ClCompile>
    <ClCompile Include="Core\UI\ShadowStyle.cpp">
      <Filter>源文件</Filter>
    </ClCompile>
    <ClCompile Include="Core\UI\SolidStyle.cpp">
      <Filter>源文件</Filter>
    </ClCompile>
    <ClCompile Include="Core\UI\Button.cpp">
      <Filter>源文件</Filter>
    </ClCompile>
    <ClCompile Include="Core\UI\OutlinedButton.cpp">
      <Filter>源文件</Filter>
    </ClCompile>
    <ClCompile Include="Core\UI\FilledButton.cpp">
      <Filter>源文件</Filter>
    </ClCompile>
    <ClCompile Include="Core\UI\ElevatedButton.cpp">
      <Filter>源文件</Filter>
    </ClCompile>
    <ClCompile Include="Core\UI\MaskStyle.cpp">
      <Filter>源文件</Filter>
    </ClCompile>
    <ClCompile Include="Core\UI\TextBox.cpp">
      <Filter>源文件</Filter>
    </ClCompile>
    <ClCompile Include="Core\UI\StrokeStyle.cpp">
      <Filter>源文件</Filter>
    </ClCompile>
    <ClCompile Include="Core\Renderer\Timer.cpp">
      <Filter>源文件</Filter>
    </ClCompile>
    <ClCompile Include="Core\Renderer\MathUtils.cpp">
      <Filter>源文件</Filter>
    </ClCompile>
    <ClCompile Include="Core\Renderer\GraphUtils.cpp">
      <Filter>源文件</Filter>
    </ClCompile>
    <ClCompile Include="Core\Renderer\GpuBuffer.cpp">
      <Filter>源文件</Filter>
    </ClCompile>
    <ClCompile Include="Core\Renderer\StaticSampler.cpp">
      <Filter>源文件</Filter>
    </ClCompile>
    <ClCompile Include="Core\Renderer\FrameResource.cpp">
      <Filter>源文件</Filter>
    </ClCompile>
    <ClCompile Include="Core\Renderer\DebugController.cpp">
      <Filter>源文件</Filter>
    </ClCompile>
    <ClCompile Include="Core\UI\AnimTextBox.cpp">
      <Filter>源文件</Filter>
    </ClCompile>
    <ClCompile Include="Core\UI\GridLayout.cpp">
      <Filter>源文件</Filter>
    </ClCompile>
    <ClCompile Include="Core\UI\ResizablePanel.cpp">
      <Filter>源文件</Filter>
    </ClCompile>
    <ClCompile Include="Core\UI\ConstraintLayout.cpp">
      <Filter>源文件</Filter>
    </ClCompile>
    <ClCompile Include="Core\UI\ScrollView.cpp">
      <Filter>源文件</Filter>
    </ClCompile>
    <ClCompile Include="Core\UI\OnOffSwitch.cpp">
      <Filter>源文件</Filter>
    </ClCompile>
    <ClCompile Include="Core\UI\AnimationUtils.cpp">
      <Filter>源文件</Filter>
    </ClCompile>
    <ClCompile Include="Core\UI\TabGroup.cpp">
      <Filter>源文件</Filter>
    </ClCompile>
  </ItemGroup>
  <ItemGroup>
    <ClInclude Include="Common\Precompile.h">
      <Filter>头文件</Filter>
    </ClInclude>
    <ClInclude Include="Core\Include\Renderer\ICamera.h">
      <Filter>头文件</Filter>
    </ClInclude>
    <ClInclude Include="Core\Include\Renderer\IDrawLayer.h">
      <Filter>头文件</Filter>
    </ClInclude>
    <ClInclude Include="Core\Include\Renderer\IDrawObject.h">
      <Filter>头文件</Filter>
    </ClInclude>
    <ClInclude Include="Core\Include\Renderer\IDrawObject2D.h">
      <Filter>头文件</Filter>
    </ClInclude>
    <ClInclude Include="Core\Include\Renderer\ISortable.h">
      <Filter>头文件</Filter>
    </ClInclude>
    <ClInclude Include="Core\Include\Renderer\Camera.h">
      <Filter>头文件</Filter>
    </ClInclude>
    <ClInclude Include="Core\Include\Renderer\DebugController.h">
      <Filter>头文件</Filter>
    </ClInclude>
    <ClInclude Include="Core\Include\Renderer\FrameResource.h">
      <Filter>头文件</Filter>
    </ClInclude>
    <ClInclude Include="Core\Include\Renderer\GpuBuffer.h">
      <Filter>头文件</Filter>
    </ClInclude>
    <ClInclude Include="Core\Include\Renderer\GraphUtils.h">
      <Filter>头文件</Filter>
    </ClInclude>
    <ClInclude Include="Core\Include\Renderer\Letterbox.h">
      <Filter>头文件</Filter>
    </ClInclude>
    <ClInclude Include="Core\Include\Renderer\MathUtils.h">
      <Filter>头文件</Filter>
    </ClInclude>
    <ClInclude Include="Core\Include\Renderer\Renderer.h">
      <Filter>头文件</Filter>
    </ClInclude>
    <ClInclude Include="Common\RuntimeError.h">
      <Filter>头文件</Filter>
    </ClInclude>
    <ClInclude Include="Core\Include\Renderer\StaticSampler.h">
      <Filter>头文件</Filter>
    </ClInclude>
    <ClInclude Include="Core\Include\Renderer\Timer.h">
      <Filter>头文件</Filter>
    </ClInclude>
    <ClInclude Include="ThirdParty\DirectX\d3dx12.h">
      <Filter>头文件</Filter>
    </ClInclude>
    <ClInclude Include="Core\Include\UI\Application.h">
      <Filter>头文件</Filter>
    </ClInclude>
    <ClInclude Include="Core\Include\UI\BitmapUtils.h">
      <Filter>头文件</Filter>
    </ClInclude>
    <ClInclude Include="Core\Include\UI\Cursor.h">
      <Filter>头文件</Filter>
    </ClInclude>
    <ClInclude Include="Core\Include\UI\Panel.h">
      <Filter>头文件</Filter>
    </ClInclude>
    <ClInclude Include="Core\Include\UI\Label.h">
      <Filter>头文件</Filter>
    </ClInclude>
    <ClInclude Include="Core\Include\UI\UIResourceUtils.h">
      <Filter>头文件</Filter>
    </ClInclude>
    <ClInclude Include="Core\Include\UI\Window.h">
      <Filter>头文件</Filter>
    </ClInclude>
    <ClInclude Include="Core\Include\UI\ShadowStyle.h">
      <Filter>头文件</Filter>
    </ClInclude>
    <ClInclude Include="Core\Include\UI\SolidStyle.h">
      <Filter>头文件</Filter>
    </ClInclude>
    <ClInclude Include="Core\Include\UI\Button.h">
      <Filter>头文件</Filter>
    </ClInclude>
    <ClInclude Include="Core\Include\UI\OutlinedButton.h">
      <Filter>头文件</Filter>
    </ClInclude>
    <ClInclude Include="Core\Include\UI\FilledButton.h">
      <Filter>头文件</Filter>
    </ClInclude>
    <ClInclude Include="Core\Include\UI\ElevatedButton.h">
      <Filter>头文件</Filter>
    </ClInclude>
    <ClInclude Include="Core\Include\UI\Event.h">
      <Filter>头文件</Filter>
    </ClInclude>
    <ClInclude Include="Core\Include\UI\MaskStyle.h">
      <Filter>头文件</Filter>
    </ClInclude>
    <ClInclude Include="Core\Include\UI\StrokeStyle.h">
      <Filter>头文件</Filter>
    </ClInclude>
    <ClInclude Include="Core\Include\UI\TextBox.h">
      <Filter>头文件</Filter>
    </ClInclude>
    <ClInclude Include="Core\Include\UI\AnimTextBox.h">
      <Filter>头文件</Filter>
    </ClInclude>
    <ClInclude Include="Core\Include\UI\GridLayout.h">
      <Filter>头文件</Filter>
    </ClInclude>
    <ClInclude Include="Core\Include\UI\ResizablePanel.h">
      <Filter>头文件</Filter>
    </ClInclude>
    <ClInclude Include="Core\Include\UI\ConstraintLayout.h">
      <Filter>头文件</Filter>
    </ClInclude>
    <ClInclude Include="Core\Include\UI\Layout.h">
      <Filter>头文件</Filter>
    </ClInclude>
    <ClInclude Include="Core\Include\UI\ScrollView.h">
      <Filter>头文件</Filter>
    </ClInclude>
    <ClInclude Include="Core\Include\UI\OnOffSwitch.h">
      <Filter>头文件</Filter>
    </ClInclude>
    <ClInclude Include="Core\Include\UI\AnimationUtils.h">
      <Filter>头文件</Filter>
    </ClInclude>
    <ClInclude Include="Core\Include\UI\TabGroup.h">
      <Filter>头文件</Filter>
    </ClInclude>
  </ItemGroup>
  <ItemGroup>
    <None Include="Assets\Shaders\Letterbox.hlsl" />
  </ItemGroup>
  <ItemGroup>
    <Manifest Include="Common\DeclareDPIAware.manifest" />
  </ItemGroup>
</Project>